
Microsoft Visual Studio Solution File, Format Version 12.00
# Visual Studio 15
VisualStudioVersion = 15.0.28010.2026
MinimumVisualStudioVersion = 10.0.40219.1
Project("{8BC9CEB8-8B4A-11D0-8D11-00A0C91BC942}") = "FFmpegInterop", "FFmpegInterop\Win10\FFmpegInterop\FFmpegInterop.vcxproj", "{9CFA3B3E-B7AF-4629-84E2-C962C5B046B1}"
EndProject
Project("{8BC9CEB8-8B4A-11D0-8D11-00A0C91BC942}") = "MediaPlayerCPP", "Samples\SamplesWin10\MediaPlayerCPP\MediaPlayerCPP.vcxproj", "{9C0EB7EC-6FED-46E7-9CC9-F36132050AA1}"
EndProject
Project("{FAE04EC0-301F-11D3-BF4B-00C04F79EFBC}") = "MediaPlayerCS", "Samples\SamplesWin10\MediaPlayerCS\MediaPlayerCS.csproj", "{3CFE9DE0-525A-474E-A7F3-876CC2876CFB}"
EndProject
Project("{262852C6-CD72-467D-83FE-5EEB1973A190}") = "MediaPlayerJS", "Samples\SamplesWin10\MediaPlayerJS\MediaPlayerJS.jsproj", "{C09EF0AC-5F4D-4207-B4C2-77658A9E5365}"
EndProject
Project("{FAE04EC0-301F-11D3-BF4B-00C04F79EFBC}") = "UnitTest", "Tests\Win10\UnitTest\UnitTest.csproj", "{F1ECBD62-71FE-47FB-B588-1E331A375B59}"
EndProject
Global
	GlobalSection(SolutionConfigurationPlatforms) = preSolution
		Debug|x64 = Debug|x64
		Debug|x86 = Debug|x86
		Debug|ARM = Debug|ARM
		Release|x64 = Release|x64
		Release|x86 = Release|x86
		Release|ARM = Release|ARM
	EndGlobalSection
	GlobalSection(ProjectConfigurationPlatforms) = postSolution
		{9CFA3B3E-B7AF-4629-84E2-C962C5B046B1}.Debug|ARM.ActiveCfg = Debug|ARM
		{9CFA3B3E-B7AF-4629-84E2-C962C5B046B1}.Debug|ARM.Build.0 = Debug|ARM
		{9CFA3B3E-B7AF-4629-84E2-C962C5B046B1}.Debug|x64.ActiveCfg = Debug|x64
		{9CFA3B3E-B7AF-4629-84E2-C962C5B046B1}.Debug|x64.Build.0 = Debug|x64
		{9CFA3B3E-B7AF-4629-84E2-C962C5B046B1}.Debug|x86.ActiveCfg = Debug|Win32
		{9CFA3B3E-B7AF-4629-84E2-C962C5B046B1}.Debug|x86.Build.0 = Debug|Win32
		{9CFA3B3E-B7AF-4629-84E2-C962C5B046B1}.Debug|x86.Deploy.0 = Debug|Win32
		{9CFA3B3E-B7AF-4629-84E2-C962C5B046B1}.Release|ARM.ActiveCfg = Release|ARM
		{9CFA3B3E-B7AF-4629-84E2-C962C5B046B1}.Release|ARM.Build.0 = Release|ARM
		{9CFA3B3E-B7AF-4629-84E2-C962C5B046B1}.Release|x64.ActiveCfg = Release|x64
		{9CFA3B3E-B7AF-4629-84E2-C962C5B046B1}.Release|x64.Build.0 = Release|x64
		{9CFA3B3E-B7AF-4629-84E2-C962C5B046B1}.Release|x86.ActiveCfg = Release|Win32
		{9CFA3B3E-B7AF-4629-84E2-C962C5B046B1}.Release|x86.Build.0 = Release|Win32
		{9C0EB7EC-6FED-46E7-9CC9-F36132050AA1}.Debug|ARM.ActiveCfg = Debug|ARM
		{9C0EB7EC-6FED-46E7-9CC9-F36132050AA1}.Debug|ARM.Build.0 = Debug|ARM
		{9C0EB7EC-6FED-46E7-9CC9-F36132050AA1}.Debug|ARM.Deploy.0 = Debug|ARM
		{9C0EB7EC-6FED-46E7-9CC9-F36132050AA1}.Debug|x64.ActiveCfg = Debug|x64
		{9C0EB7EC-6FED-46E7-9CC9-F36132050AA1}.Debug|x64.Build.0 = Debug|x64
		{9C0EB7EC-6FED-46E7-9CC9-F36132050AA1}.Debug|x64.Deploy.0 = Debug|x64
		{9C0EB7EC-6FED-46E7-9CC9-F36132050AA1}.Debug|x86.ActiveCfg = Debug|Win32
		{9C0EB7EC-6FED-46E7-9CC9-F36132050AA1}.Debug|x86.Build.0 = Debug|Win32
		{9C0EB7EC-6FED-46E7-9CC9-F36132050AA1}.Debug|x86.Deploy.0 = Debug|Win32
		{9C0EB7EC-6FED-46E7-9CC9-F36132050AA1}.Release|ARM.ActiveCfg = Release|ARM
		{9C0EB7EC-6FED-46E7-9CC9-F36132050AA1}.Release|ARM.Build.0 = Release|ARM
		{9C0EB7EC-6FED-46E7-9CC9-F36132050AA1}.Release|ARM.Deploy.0 = Release|ARM
		{9C0EB7EC-6FED-46E7-9CC9-F36132050AA1}.Release|x64.ActiveCfg = Release|x64
		{9C0EB7EC-6FED-46E7-9CC9-F36132050AA1}.Release|x64.Build.0 = Release|x64
		{9C0EB7EC-6FED-46E7-9CC9-F36132050AA1}.Release|x64.Deploy.0 = Release|x64
		{9C0EB7EC-6FED-46E7-9CC9-F36132050AA1}.Release|x86.ActiveCfg = Release|Win32
		{9C0EB7EC-6FED-46E7-9CC9-F36132050AA1}.Release|x86.Build.0 = Release|Win32
		{9C0EB7EC-6FED-46E7-9CC9-F36132050AA1}.Release|x86.Deploy.0 = Release|Win32
		{3CFE9DE0-525A-474E-A7F3-876CC2876CFB}.Debug|ARM.ActiveCfg = Debug|ARM
		{3CFE9DE0-525A-474E-A7F3-876CC2876CFB}.Debug|ARM.Build.0 = Debug|ARM
		{3CFE9DE0-525A-474E-A7F3-876CC2876CFB}.Debug|ARM.Deploy.0 = Debug|ARM
		{3CFE9DE0-525A-474E-A7F3-876CC2876CFB}.Debug|x64.ActiveCfg = Debug|x64
		{3CFE9DE0-525A-474E-A7F3-876CC2876CFB}.Debug|x64.Build.0 = Debug|x64
		{3CFE9DE0-525A-474E-A7F3-876CC2876CFB}.Debug|x64.Deploy.0 = Debug|x64
		{3CFE9DE0-525A-474E-A7F3-876CC2876CFB}.Debug|x86.ActiveCfg = Debug|x86
		{3CFE9DE0-525A-474E-A7F3-876CC2876CFB}.Debug|x86.Build.0 = Debug|x86
		{3CFE9DE0-525A-474E-A7F3-876CC2876CFB}.Debug|x86.Deploy.0 = Debug|x86
		{3CFE9DE0-525A-474E-A7F3-876CC2876CFB}.Release|ARM.ActiveCfg = Release|ARM
		{3CFE9DE0-525A-474E-A7F3-876CC2876CFB}.Release|ARM.Build.0 = Release|ARM
		{3CFE9DE0-525A-474E-A7F3-876CC2876CFB}.Release|ARM.Deploy.0 = Release|ARM
		{3CFE9DE0-525A-474E-A7F3-876CC2876CFB}.Release|x64.ActiveCfg = Release|x64
		{3CFE9DE0-525A-474E-A7F3-876CC2876CFB}.Release|x64.Build.0 = Release|x64
		{3CFE9DE0-525A-474E-A7F3-876CC2876CFB}.Release|x64.Deploy.0 = Release|x64
		{3CFE9DE0-525A-474E-A7F3-876CC2876CFB}.Release|x86.ActiveCfg = Release|x86
		{3CFE9DE0-525A-474E-A7F3-876CC2876CFB}.Release|x86.Build.0 = Release|x86
		{3CFE9DE0-525A-474E-A7F3-876CC2876CFB}.Release|x86.Deploy.0 = Release|x86
		{C09EF0AC-5F4D-4207-B4C2-77658A9E5365}.Debug|ARM.ActiveCfg = Debug|ARM
		{C09EF0AC-5F4D-4207-B4C2-77658A9E5365}.Debug|ARM.Build.0 = Debug|ARM
		{C09EF0AC-5F4D-4207-B4C2-77658A9E5365}.Debug|ARM.Deploy.0 = Debug|ARM
		{C09EF0AC-5F4D-4207-B4C2-77658A9E5365}.Debug|x64.ActiveCfg = Debug|x64
		{C09EF0AC-5F4D-4207-B4C2-77658A9E5365}.Debug|x64.Build.0 = Debug|x64
		{C09EF0AC-5F4D-4207-B4C2-77658A9E5365}.Debug|x64.Deploy.0 = Debug|x64
		{C09EF0AC-5F4D-4207-B4C2-77658A9E5365}.Debug|x86.ActiveCfg = Debug|x86
		{C09EF0AC-5F4D-4207-B4C2-77658A9E5365}.Debug|x86.Build.0 = Debug|x86
		{C09EF0AC-5F4D-4207-B4C2-77658A9E5365}.Debug|x86.Deploy.0 = Debug|x86
		{C09EF0AC-5F4D-4207-B4C2-77658A9E5365}.Release|ARM.ActiveCfg = Release|ARM
		{C09EF0AC-5F4D-4207-B4C2-77658A9E5365}.Release|ARM.Build.0 = Release|ARM
		{C09EF0AC-5F4D-4207-B4C2-77658A9E5365}.Release|ARM.Deploy.0 = Release|ARM
		{C09EF0AC-5F4D-4207-B4C2-77658A9E5365}.Release|x64.ActiveCfg = Release|x64
		{C09EF0AC-5F4D-4207-B4C2-77658A9E5365}.Release|x64.Build.0 = Release|x64
		{C09EF0AC-5F4D-4207-B4C2-77658A9E5365}.Release|x64.Deploy.0 = Release|x64
		{C09EF0AC-5F4D-4207-B4C2-77658A9E5365}.Release|x86.ActiveCfg = Release|x86
		{C09EF0AC-5F4D-4207-B4C2-77658A9E5365}.Release|x86.Build.0 = Release|x86
		{C09EF0AC-5F4D-4207-B4C2-77658A9E5365}.Release|x86.Deploy.0 = Release|x86
		{F1ECBD62-71FE-47FB-B588-1E331A375B59}.Debug|ARM.ActiveCfg = Debug|ARM
		{F1ECBD62-71FE-47FB-B588-1E331A375B59}.Debug|ARM.Build.0 = Debug|ARM
		{F1ECBD62-71FE-47FB-B588-1E331A375B59}.Debug|ARM.Deploy.0 = Debug|ARM
		{F1ECBD62-71FE-47FB-B588-1E331A375B59}.Debug|x64.ActiveCfg = Debug|x64
		{F1ECBD62-71FE-47FB-B588-1E331A375B59}.Debug|x64.Build.0 = Debug|x64
		{F1ECBD62-71FE-47FB-B588-1E331A375B59}.Debug|x64.Deploy.0 = Debug|x64
		{F1ECBD62-71FE-47FB-B588-1E331A375B59}.Debug|x86.ActiveCfg = Debug|x86
		{F1ECBD62-71FE-47FB-B588-1E331A375B59}.Debug|x86.Build.0 = Debug|x86
		{F1ECBD62-71FE-47FB-B588-1E331A375B59}.Debug|x86.Deploy.0 = Debug|x86
		{F1ECBD62-71FE-47FB-B588-1E331A375B59}.Release|ARM.ActiveCfg = Release|ARM
		{F1ECBD62-71FE-47FB-B588-1E331A375B59}.Release|ARM.Build.0 = Release|ARM
		{F1ECBD62-71FE-47FB-B588-1E331A375B59}.Release|ARM.Deploy.0 = Release|ARM
		{F1ECBD62-71FE-47FB-B588-1E331A375B59}.Release|x64.ActiveCfg = Release|x64
		{F1ECBD62-71FE-47FB-B588-1E331A375B59}.Release|x64.Build.0 = Release|x64
		{F1ECBD62-71FE-47FB-B588-1E331A375B59}.Release|x64.Deploy.0 = Release|x64
		{F1ECBD62-71FE-47FB-B588-1E331A375B59}.Release|x86.ActiveCfg = Release|x86
		{F1ECBD62-71FE-47FB-B588-1E331A375B59}.Release|x86.Build.0 = Release|x86
		{F1ECBD62-71FE-47FB-B588-1E331A375B59}.Release|x86.Deploy.0 = Release|x86
	EndGlobalSection
	GlobalSection(SolutionProperties) = preSolution
		HideSolutionNode = FALSE
	EndGlobalSection
	GlobalSection(ExtensibilityGlobals) = postSolution
		SolutionGuid = {A51A59A5-2623-4F9A-849C-5EE4826BDC75}
	EndGlobalSection
EndGlobal
