
Microsoft Visual Studio Solution File, Format Version 12.00
# Visual Studio 2013
VisualStudioVersion = 12.0.31101.0
MinimumVisualStudioVersion = 10.0.40219.1
Project("{2150E333-8FDC-42A3-9474-1A3956D46DE8}") = "FFmpegInterop", "FFmpegInterop", "{69A759E9-483B-4B19-813B-7F8D5B376F99}"
EndProject
Project("{8BC9CEB8-8B4A-11D0-8D11-00A0C91BC942}") = "FFmpegInterop.Shared", "FFmpegInterop\Win8.1\FFmpegInterop.Shared\FFmpegInterop.Shared.vcxitems", "{B290D2CE-E857-4ACE-8541-D80A3B9AB04E}"
EndProject
Project("{8BC9CEB8-8B4A-11D0-8D11-00A0C91BC942}") = "FFmpegInterop.Windows", "FFmpegInterop\Win8.1\FFmpegInterop.Windows\FFmpegInterop.Windows.vcxproj", "{97248E49-6262-4C37-B118-224FF3B98FD0}"
EndProject
Project("{8BC9CEB8-8B4A-11D0-8D11-00A0C91BC942}") = "FFmpegInterop.WindowsPhone", "FFmpegInterop\Win8.1\FFmpegInterop.WindowsPhone\FFmpegInterop.WindowsPhone.vcxproj", "{EBC5CA98-87F1-4A01-A48D-69659C103E72}"
EndProject
Project("{2150E333-8FDC-42A3-9474-1A3956D46DE8}") = "MediaPlayerCPP", "MediaPlayerCPP", "{BA8DDB98-6D34-465B-8171-6B7D5E8D3945}"
EndProject
Project("{8BC9CEB8-8B4A-11D0-8D11-00A0C91BC942}") = "MediaPlayerCPP.Shared", "Samples\SamplesWin8.1\MediaPlayerCPP\MediaPlayerCPP.Shared\MediaPlayerCPP.Shared.vcxitems", "{742FF46F-3031-433B-858E-75AC90E968F1}"
EndProject
Project("{8BC9CEB8-8B4A-11D0-8D11-00A0C91BC942}") = "MediaPlayerCPP.Windows", "Samples\SamplesWin8.1\MediaPlayerCPP\MediaPlayerCPP.Windows\MediaPlayerCPP.Windows.vcxproj", "{CBB8BB5F-D071-4090-9AB8-7397FF4FB46E}"
EndProject
Project("{8BC9CEB8-8B4A-11D0-8D11-00A0C91BC942}") = "MediaPlayerCPP.WindowsPhone", "Samples\SamplesWin8.1\MediaPlayerCPP\MediaPlayerCPP.WindowsPhone\MediaPlayerCPP.WindowsPhone.vcxproj", "{72DE715C-26E4-4774-A4C2-327B4F213008}"
EndProject
Project("{2150E333-8FDC-42A3-9474-1A3956D46DE8}") = "MediaPlayerCS", "MediaPlayerCS", "{C2A0037E-3BEE-4CDE-B3F7-1A733F61180F}"
EndProject
Project("{D954291E-2A0B-460D-934E-DC6B0785DB48}") = "MediaPlayerCS.Shared", "Samples\SamplesWin8.1\MediaPlayerCS\MediaPlayerCS.Shared\MediaPlayerCS.Shared.shproj", "{711E68BA-5ED1-46B3-B2B4-1621310D4245}"
EndProject
Project("{FAE04EC0-301F-11D3-BF4B-00C04F79EFBC}") = "MediaPlayerCS.Windows", "Samples\SamplesWin8.1\MediaPlayerCS\MediaPlayerCS.Windows\MediaPlayerCS.Windows.csproj", "{E87BB8D4-8AAB-47EA-9028-901B2E2C199A}"
EndProject
Project("{FAE04EC0-301F-11D3-BF4B-00C04F79EFBC}") = "MediaPlayerCS.WindowsPhone", "Samples\SamplesWin8.1\MediaPlayerCS\MediaPlayerCS.WindowsPhone\MediaPlayerCS.WindowsPhone.csproj", "{2D50AE6E-8F2C-4CAE-999A-CF19BCCF24DE}"
EndProject
Project("{2150E333-8FDC-42A3-9474-1A3956D46DE8}") = "MediaPlayerJS", "MediaPlayerJS", "{1D40D4AF-76F2-4FAB-8E9B-87C7DFA2E3DC}"
EndProject
Project("{D954291E-2A0B-460D-934E-DC6B0785DB48}") = "MediaPlayerJS.Shared", "Samples\SamplesWin8.1\MediaPlayerJS\MediaPlayerJS.Shared\MediaPlayerJS.Shared.shproj", "{90F2954A-8C3B-4905-84D7-EC29BC2CA297}"
EndProject
Project("{262852C6-CD72-467D-83FE-5EEB1973A190}") = "MediaPlayerJS.Windows", "Samples\SamplesWin8.1\MediaPlayerJS\MediaPlayerJS.Windows\MediaPlayerJS.Windows.jsproj", "{A7A9A1F4-9F82-49AE-B900-67A2956E23DC}"
EndProject
Project("{262852C6-CD72-467D-83FE-5EEB1973A190}") = "MediaPlayerJS.WindowsPhone", "Samples\SamplesWin8.1\MediaPlayerJS\MediaPlayerJS.WindowsPhone\MediaPlayerJS.WindowsPhone.jsproj", "{92679B2C-887E-4B11-A889-A96334C0D37C}"
EndProject
Project("{2150E333-8FDC-42A3-9474-1A3956D46DE8}") = "UnitTest", "UnitTest", "{AEF4CC54-29B9-4E8C-BB6D-FA92B85C5D4A}"
EndProject
Project("{FAE04EC0-301F-11D3-BF4B-00C04F79EFBC}") = "UnitTest.Windows", "Tests\Win8.1\UnitTest.Windows\UnitTest.Windows.csproj", "{61DF9EEA-000D-4584-9C74-E7A93CC2D0DE}"
EndProject
Project("{FAE04EC0-301F-11D3-BF4B-00C04F79EFBC}") = "UnitTest.WindowsPhone", "Tests\Win8.1\UnitTest.WindowsPhone\UnitTest.WindowsPhone.csproj", "{94EACFD6-3F1F-4CBA-B879-03DA42BEA41D}"
EndProject
Global
	GlobalSection(SharedMSBuildProjectFiles) = preSolution
		FFmpegInterop\Win8.1\FFmpegInterop.Shared\FFmpegInterop.Shared.vcxitems*{b290d2ce-e857-4ace-8541-d80a3b9ab04e}*SharedItemsImports = 9
		Samples\SamplesWin8.1\MediaPlayerJS\MediaPlayerJS.Shared\MediaPlayerJS.Shared.projitems*{92679b2c-887e-4b11-a889-a96334c0d37c}*SharedItemsImports = 5
		FFmpegInterop\Win8.1\FFmpegInterop.Shared\FFmpegInterop.Shared.vcxitems*{97248e49-6262-4c37-b118-224ff3b98fd0}*SharedItemsImports = 4
		Samples\SamplesWin8.1\MediaPlayerJS\MediaPlayerJS.Shared\MediaPlayerJS.Shared.projitems*{90f2954a-8c3b-4905-84d7-ec29bc2ca297}*SharedItemsImports = 13
		Samples\SamplesWin8.1\MediaPlayerCS\MediaPlayerCS.Shared\MediaPlayerCS.Shared.projitems*{e87bb8d4-8aab-47ea-9028-901b2e2c199a}*SharedItemsImports = 4
		FFmpegInterop\Win8.1\FFmpegInterop.Shared\FFmpegInterop.Shared.vcxitems*{ebc5ca98-87f1-4a01-a48d-69659c103e72}*SharedItemsImports = 4
		Samples\SamplesWin8.1\MediaPlayerCPP\MediaPlayerCPP.Shared\MediaPlayerCPP.Shared.vcxitems*{742ff46f-3031-433b-858e-75ac90e968f1}*SharedItemsImports = 9
		Samples\SamplesWin8.1\MediaPlayerCS\MediaPlayerCS.Shared\MediaPlayerCS.Shared.projitems*{711e68ba-5ed1-46b3-b2b4-1621310d4245}*SharedItemsImports = 13
		Samples\SamplesWin8.1\MediaPlayerJS\MediaPlayerJS.Shared\MediaPlayerJS.Shared.projitems*{a7a9a1f4-9f82-49ae-b900-67a2956e23dc}*SharedItemsImports = 5
		Samples\SamplesWin8.1\MediaPlayerCPP\MediaPlayerCPP.Shared\MediaPlayerCPP.Shared.vcxitems*{72de715c-26e4-4774-a4c2-327b4f213008}*SharedItemsImports = 4
		Samples\SamplesWin8.1\MediaPlayerCPP\MediaPlayerCPP.Shared\MediaPlayerCPP.Shared.vcxitems*{cbb8bb5f-d071-4090-9ab8-7397ff4fb46e}*SharedItemsImports = 4
		Samples\SamplesWin8.1\MediaPlayerCS\MediaPlayerCS.Shared\MediaPlayerCS.Shared.projitems*{2d50ae6e-8f2c-4cae-999a-cf19bccf24de}*SharedItemsImports = 4
	EndGlobalSection
	GlobalSection(SolutionConfigurationPlatforms) = preSolution
		Debug|ARM = Debug|ARM
		Debug|Win32 = Debug|Win32
		Debug|x64 = Debug|x64
		Release|ARM = Release|ARM
		Release|Win32 = Release|Win32
		Release|x64 = Release|x64
	EndGlobalSection
	GlobalSection(ProjectConfigurationPlatforms) = postSolution
		{97248E49-6262-4C37-B118-224FF3B98FD0}.Debug|ARM.ActiveCfg = Debug|ARM
		{97248E49-6262-4C37-B118-224FF3B98FD0}.Debug|ARM.Build.0 = Debug|ARM
		{97248E49-6262-4C37-B118-224FF3B98FD0}.Debug|Win32.ActiveCfg = Debug|Win32
		{97248E49-6262-4C37-B118-224FF3B98FD0}.Debug|Win32.Build.0 = Debug|Win32
		{97248E49-6262-4C37-B118-224FF3B98FD0}.Debug|x64.ActiveCfg = Debug|x64
		{97248E49-6262-4C37-B118-224FF3B98FD0}.Debug|x64.Build.0 = Debug|x64
		{97248E49-6262-4C37-B118-224FF3B98FD0}.Release|ARM.ActiveCfg = Release|ARM
		{97248E49-6262-4C37-B118-224FF3B98FD0}.Release|ARM.Build.0 = Release|ARM
		{97248E49-6262-4C37-B118-224FF3B98FD0}.Release|Win32.ActiveCfg = Release|Win32
		{97248E49-6262-4C37-B118-224FF3B98FD0}.Release|Win32.Build.0 = Release|Win32
		{97248E49-6262-4C37-B118-224FF3B98FD0}.Release|x64.ActiveCfg = Release|x64
		{97248E49-6262-4C37-B118-224FF3B98FD0}.Release|x64.Build.0 = Release|x64
		{EBC5CA98-87F1-4A01-A48D-69659C103E72}.Debug|ARM.ActiveCfg = Debug|ARM
		{EBC5CA98-87F1-4A01-A48D-69659C103E72}.Debug|ARM.Build.0 = Debug|ARM
		{EBC5CA98-87F1-4A01-A48D-69659C103E72}.Debug|Win32.ActiveCfg = Debug|Win32
		{EBC5CA98-87F1-4A01-A48D-69659C103E72}.Debug|Win32.Build.0 = Debug|Win32
		{EBC5CA98-87F1-4A01-A48D-69659C103E72}.Debug|x64.ActiveCfg = Debug|Win32
		{EBC5CA98-87F1-4A01-A48D-69659C103E72}.Release|ARM.ActiveCfg = Release|ARM
		{EBC5CA98-87F1-4A01-A48D-69659C103E72}.Release|ARM.Build.0 = Release|ARM
		{EBC5CA98-87F1-4A01-A48D-69659C103E72}.Release|Win32.ActiveCfg = Release|Win32
		{EBC5CA98-87F1-4A01-A48D-69659C103E72}.Release|Win32.Build.0 = Release|Win32
		{EBC5CA98-87F1-4A01-A48D-69659C103E72}.Release|x64.ActiveCfg = Release|Win32
		{CBB8BB5F-D071-4090-9AB8-7397FF4FB46E}.Debug|ARM.ActiveCfg = Debug|ARM
		{CBB8BB5F-D071-4090-9AB8-7397FF4FB46E}.Debug|ARM.Build.0 = Debug|ARM
		{CBB8BB5F-D071-4090-9AB8-7397FF4FB46E}.Debug|ARM.Deploy.0 = Debug|ARM
		{CBB8BB5F-D071-4090-9AB8-7397FF4FB46E}.Debug|Win32.ActiveCfg = Debug|Win32
		{CBB8BB5F-D071-4090-9AB8-7397FF4FB46E}.Debug|Win32.Build.0 = Debug|Win32
		{CBB8BB5F-D071-4090-9AB8-7397FF4FB46E}.Debug|Win32.Deploy.0 = Debug|Win32
		{CBB8BB5F-D071-4090-9AB8-7397FF4FB46E}.Debug|x64.ActiveCfg = Debug|x64
		{CBB8BB5F-D071-4090-9AB8-7397FF4FB46E}.Debug|x64.Build.0 = Debug|x64
		{CBB8BB5F-D071-4090-9AB8-7397FF4FB46E}.Debug|x64.Deploy.0 = Debug|x64
		{CBB8BB5F-D071-4090-9AB8-7397FF4FB46E}.Release|ARM.ActiveCfg = Release|ARM
		{CBB8BB5F-D071-4090-9AB8-7397FF4FB46E}.Release|ARM.Build.0 = Release|ARM
		{CBB8BB5F-D071-4090-9AB8-7397FF4FB46E}.Release|ARM.Deploy.0 = Release|ARM
		{CBB8BB5F-D071-4090-9AB8-7397FF4FB46E}.Release|Win32.ActiveCfg = Release|Win32
		{CBB8BB5F-D071-4090-9AB8-7397FF4FB46E}.Release|Win32.Build.0 = Release|Win32
		{CBB8BB5F-D071-4090-9AB8-7397FF4FB46E}.Release|Win32.Deploy.0 = Release|Win32
		{CBB8BB5F-D071-4090-9AB8-7397FF4FB46E}.Release|x64.ActiveCfg = Release|x64
		{CBB8BB5F-D071-4090-9AB8-7397FF4FB46E}.Release|x64.Build.0 = Release|x64
		{CBB8BB5F-D071-4090-9AB8-7397FF4FB46E}.Release|x64.Deploy.0 = Release|x64
		{72DE715C-26E4-4774-A4C2-327B4F213008}.Debug|ARM.ActiveCfg = Debug|ARM
		{72DE715C-26E4-4774-A4C2-327B4F213008}.Debug|ARM.Build.0 = Debug|ARM
		{72DE715C-26E4-4774-A4C2-327B4F213008}.Debug|ARM.Deploy.0 = Debug|ARM
		{72DE715C-26E4-4774-A4C2-327B4F213008}.Debug|Win32.ActiveCfg = Debug|Win32
		{72DE715C-26E4-4774-A4C2-327B4F213008}.Debug|Win32.Build.0 = Debug|Win32
		{72DE715C-26E4-4774-A4C2-327B4F213008}.Debug|Win32.Deploy.0 = Debug|Win32
		{72DE715C-26E4-4774-A4C2-327B4F213008}.Debug|x64.ActiveCfg = Debug|Win32
		{72DE715C-26E4-4774-A4C2-327B4F213008}.Release|ARM.ActiveCfg = Release|ARM
		{72DE715C-26E4-4774-A4C2-327B4F213008}.Release|ARM.Build.0 = Release|ARM
		{72DE715C-26E4-4774-A4C2-327B4F213008}.Release|ARM.Deploy.0 = Release|ARM
		{72DE715C-26E4-4774-A4C2-327B4F213008}.Release|Win32.ActiveCfg = Release|Win32
		{72DE715C-26E4-4774-A4C2-327B4F213008}.Release|Win32.Build.0 = Release|Win32
		{72DE715C-26E4-4774-A4C2-327B4F213008}.Release|Win32.Deploy.0 = Release|Win32
		{72DE715C-26E4-4774-A4C2-327B4F213008}.Release|x64.ActiveCfg = Release|Win32
		{E87BB8D4-8AAB-47EA-9028-901B2E2C199A}.Debug|ARM.ActiveCfg = Debug|ARM
		{E87BB8D4-8AAB-47EA-9028-901B2E2C199A}.Debug|ARM.Build.0 = Debug|ARM
		{E87BB8D4-8AAB-47EA-9028-901B2E2C199A}.Debug|ARM.Deploy.0 = Debug|ARM
		{E87BB8D4-8AAB-47EA-9028-901B2E2C199A}.Debug|Win32.ActiveCfg = Debug|x86
		{E87BB8D4-8AAB-47EA-9028-901B2E2C199A}.Debug|Win32.Build.0 = Debug|x86
		{E87BB8D4-8AAB-47EA-9028-901B2E2C199A}.Debug|Win32.Deploy.0 = Debug|x86
		{E87BB8D4-8AAB-47EA-9028-901B2E2C199A}.Debug|x64.ActiveCfg = Debug|x64
		{E87BB8D4-8AAB-47EA-9028-901B2E2C199A}.Debug|x64.Build.0 = Debug|x64
		{E87BB8D4-8AAB-47EA-9028-901B2E2C199A}.Debug|x64.Deploy.0 = Debug|x64
		{E87BB8D4-8AAB-47EA-9028-901B2E2C199A}.Release|ARM.ActiveCfg = Release|ARM
		{E87BB8D4-8AAB-47EA-9028-901B2E2C199A}.Release|ARM.Build.0 = Release|ARM
		{E87BB8D4-8AAB-47EA-9028-901B2E2C199A}.Release|ARM.Deploy.0 = Release|ARM
		{E87BB8D4-8AAB-47EA-9028-901B2E2C199A}.Release|Win32.ActiveCfg = Release|x86
		{E87BB8D4-8AAB-47EA-9028-901B2E2C199A}.Release|Win32.Build.0 = Release|x86
		{E87BB8D4-8AAB-47EA-9028-901B2E2C199A}.Release|Win32.Deploy.0 = Release|x86
		{E87BB8D4-8AAB-47EA-9028-901B2E2C199A}.Release|x64.ActiveCfg = Release|x64
		{E87BB8D4-8AAB-47EA-9028-901B2E2C199A}.Release|x64.Build.0 = Release|x64
		{E87BB8D4-8AAB-47EA-9028-901B2E2C199A}.Release|x64.Deploy.0 = Release|x64
		{2D50AE6E-8F2C-4CAE-999A-CF19BCCF24DE}.Debug|ARM.ActiveCfg = Debug|ARM
		{2D50AE6E-8F2C-4CAE-999A-CF19BCCF24DE}.Debug|ARM.Build.0 = Debug|ARM
		{2D50AE6E-8F2C-4CAE-999A-CF19BCCF24DE}.Debug|ARM.Deploy.0 = Debug|ARM
		{2D50AE6E-8F2C-4CAE-999A-CF19BCCF24DE}.Debug|Win32.ActiveCfg = Debug|x86
		{2D50AE6E-8F2C-4CAE-999A-CF19BCCF24DE}.Debug|Win32.Build.0 = Debug|x86
		{2D50AE6E-8F2C-4CAE-999A-CF19BCCF24DE}.Debug|Win32.Deploy.0 = Debug|x86
		{2D50AE6E-8F2C-4CAE-999A-CF19BCCF24DE}.Debug|x64.ActiveCfg = Debug|x86
		{2D50AE6E-8F2C-4CAE-999A-CF19BCCF24DE}.Release|ARM.ActiveCfg = Release|ARM
		{2D50AE6E-8F2C-4CAE-999A-CF19BCCF24DE}.Release|ARM.Build.0 = Release|ARM
		{2D50AE6E-8F2C-4CAE-999A-CF19BCCF24DE}.Release|ARM.Deploy.0 = Release|ARM
		{2D50AE6E-8F2C-4CAE-999A-CF19BCCF24DE}.Release|Win32.ActiveCfg = Release|x86
		{2D50AE6E-8F2C-4CAE-999A-CF19BCCF24DE}.Release|Win32.Build.0 = Release|x86
		{2D50AE6E-8F2C-4CAE-999A-CF19BCCF24DE}.Release|Win32.Deploy.0 = Release|x86
		{2D50AE6E-8F2C-4CAE-999A-CF19BCCF24DE}.Release|x64.ActiveCfg = Release|x86
		{A7A9A1F4-9F82-49AE-B900-67A2956E23DC}.Debug|ARM.ActiveCfg = Debug|ARM
		{A7A9A1F4-9F82-49AE-B900-67A2956E23DC}.Debug|ARM.Build.0 = Debug|ARM
		{A7A9A1F4-9F82-49AE-B900-67A2956E23DC}.Debug|ARM.Deploy.0 = Debug|ARM
		{A7A9A1F4-9F82-49AE-B900-67A2956E23DC}.Debug|Win32.ActiveCfg = Debug|x86
		{A7A9A1F4-9F82-49AE-B900-67A2956E23DC}.Debug|Win32.Build.0 = Debug|x86
		{A7A9A1F4-9F82-49AE-B900-67A2956E23DC}.Debug|Win32.Deploy.0 = Debug|x86
		{A7A9A1F4-9F82-49AE-B900-67A2956E23DC}.Debug|x64.ActiveCfg = Debug|x64
		{A7A9A1F4-9F82-49AE-B900-67A2956E23DC}.Debug|x64.Build.0 = Debug|x64
		{A7A9A1F4-9F82-49AE-B900-67A2956E23DC}.Debug|x64.Deploy.0 = Debug|x64
		{A7A9A1F4-9F82-49AE-B900-67A2956E23DC}.Release|ARM.ActiveCfg = Release|ARM
		{A7A9A1F4-9F82-49AE-B900-67A2956E23DC}.Release|ARM.Build.0 = Release|ARM
		{A7A9A1F4-9F82-49AE-B900-67A2956E23DC}.Release|ARM.Deploy.0 = Release|ARM
		{A7A9A1F4-9F82-49AE-B900-67A2956E23DC}.Release|Win32.ActiveCfg = Release|x86
		{A7A9A1F4-9F82-49AE-B900-67A2956E23DC}.Release|Win32.Build.0 = Release|x86
		{A7A9A1F4-9F82-49AE-B900-67A2956E23DC}.Release|Win32.Deploy.0 = Release|x86
		{A7A9A1F4-9F82-49AE-B900-67A2956E23DC}.Release|x64.ActiveCfg = Release|x64
		{A7A9A1F4-9F82-49AE-B900-67A2956E23DC}.Release|x64.Build.0 = Release|x64
		{A7A9A1F4-9F82-49AE-B900-67A2956E23DC}.Release|x64.Deploy.0 = Release|x64
		{92679B2C-887E-4B11-A889-A96334C0D37C}.Debug|ARM.ActiveCfg = Debug|ARM
		{92679B2C-887E-4B11-A889-A96334C0D37C}.Debug|ARM.Build.0 = Debug|ARM
		{92679B2C-887E-4B11-A889-A96334C0D37C}.Debug|ARM.Deploy.0 = Debug|ARM
		{92679B2C-887E-4B11-A889-A96334C0D37C}.Debug|Win32.ActiveCfg = Debug|x86
		{92679B2C-887E-4B11-A889-A96334C0D37C}.Debug|Win32.Build.0 = Debug|x86
		{92679B2C-887E-4B11-A889-A96334C0D37C}.Debug|Win32.Deploy.0 = Debug|x86
		{92679B2C-887E-4B11-A889-A96334C0D37C}.Debug|x64.ActiveCfg = Debug|x86
		{92679B2C-887E-4B11-A889-A96334C0D37C}.Release|ARM.ActiveCfg = Release|ARM
		{92679B2C-887E-4B11-A889-A96334C0D37C}.Release|ARM.Build.0 = Release|ARM
		{92679B2C-887E-4B11-A889-A96334C0D37C}.Release|ARM.Deploy.0 = Release|ARM
		{92679B2C-887E-4B11-A889-A96334C0D37C}.Release|Win32.ActiveCfg = Release|x86
		{92679B2C-887E-4B11-A889-A96334C0D37C}.Release|Win32.Build.0 = Release|x86
		{92679B2C-887E-4B11-A889-A96334C0D37C}.Release|Win32.Deploy.0 = Release|x86
		{92679B2C-887E-4B11-A889-A96334C0D37C}.Release|x64.ActiveCfg = Release|x86
		{61DF9EEA-000D-4584-9C74-E7A93CC2D0DE}.Debug|ARM.ActiveCfg = Debug|ARM
		{61DF9EEA-000D-4584-9C74-E7A93CC2D0DE}.Debug|ARM.Build.0 = Debug|ARM
		{61DF9EEA-000D-4584-9C74-E7A93CC2D0DE}.Debug|ARM.Deploy.0 = Debug|ARM
		{61DF9EEA-000D-4584-9C74-E7A93CC2D0DE}.Debug|Win32.ActiveCfg = Debug|x86
		{61DF9EEA-000D-4584-9C74-E7A93CC2D0DE}.Debug|Win32.Build.0 = Debug|x86
		{61DF9EEA-000D-4584-9C74-E7A93CC2D0DE}.Debug|Win32.Deploy.0 = Debug|x86
		{61DF9EEA-000D-4584-9C74-E7A93CC2D0DE}.Debug|x64.ActiveCfg = Debug|x64
		{61DF9EEA-000D-4584-9C74-E7A93CC2D0DE}.Debug|x64.Build.0 = Debug|x64
		{61DF9EEA-000D-4584-9C74-E7A93CC2D0DE}.Debug|x64.Deploy.0 = Debug|x64
		{61DF9EEA-000D-4584-9C74-E7A93CC2D0DE}.Release|ARM.ActiveCfg = Release|ARM
		{61DF9EEA-000D-4584-9C74-E7A93CC2D0DE}.Release|ARM.Build.0 = Release|ARM
		{61DF9EEA-000D-4584-9C74-E7A93CC2D0DE}.Release|ARM.Deploy.0 = Release|ARM
		{61DF9EEA-000D-4584-9C74-E7A93CC2D0DE}.Release|Win32.ActiveCfg = Release|x86
		{61DF9EEA-000D-4584-9C74-E7A93CC2D0DE}.Release|Win32.Build.0 = Release|x86
		{61DF9EEA-000D-4584-9C74-E7A93CC2D0DE}.Release|Win32.Deploy.0 = Release|x86
		{61DF9EEA-000D-4584-9C74-E7A93CC2D0DE}.Release|x64.ActiveCfg = Release|x64
		{61DF9EEA-000D-4584-9C74-E7A93CC2D0DE}.Release|x64.Build.0 = Release|x64
		{61DF9EEA-000D-4584-9C74-E7A93CC2D0DE}.Release|x64.Deploy.0 = Release|x64
		{94EACFD6-3F1F-4CBA-B879-03DA42BEA41D}.Debug|ARM.ActiveCfg = Debug|ARM
		{94EACFD6-3F1F-4CBA-B879-03DA42BEA41D}.Debug|ARM.Build.0 = Debug|ARM
		{94EACFD6-3F1F-4CBA-B879-03DA42BEA41D}.Debug|ARM.Deploy.0 = Debug|ARM
		{94EACFD6-3F1F-4CBA-B879-03DA42BEA41D}.Debug|Win32.ActiveCfg = Debug|x86
		{94EACFD6-3F1F-4CBA-B879-03DA42BEA41D}.Debug|Win32.Build.0 = Debug|x86
		{94EACFD6-3F1F-4CBA-B879-03DA42BEA41D}.Debug|Win32.Deploy.0 = Debug|x86
		{94EACFD6-3F1F-4CBA-B879-03DA42BEA41D}.Debug|x64.ActiveCfg = Debug|x86
		{94EACFD6-3F1F-4CBA-B879-03DA42BEA41D}.Release|ARM.ActiveCfg = Release|ARM
		{94EACFD6-3F1F-4CBA-B879-03DA42BEA41D}.Release|ARM.Build.0 = Release|ARM
		{94EACFD6-3F1F-4CBA-B879-03DA42BEA41D}.Release|ARM.Deploy.0 = Release|ARM
		{94EACFD6-3F1F-4CBA-B879-03DA42BEA41D}.Release|Win32.ActiveCfg = Release|x86
		{94EACFD6-3F1F-4CBA-B879-03DA42BEA41D}.Release|Win32.Build.0 = Release|x86
		{94EACFD6-3F1F-4CBA-B879-03DA42BEA41D}.Release|Win32.Deploy.0 = Release|x86
		{94EACFD6-3F1F-4CBA-B879-03DA42BEA41D}.Release|x64.ActiveCfg = Release|x86
	EndGlobalSection
	GlobalSection(SolutionProperties) = preSolution
		HideSolutionNode = FALSE
	EndGlobalSection
	GlobalSection(NestedProjects) = preSolution
		{B290D2CE-E857-4ACE-8541-D80A3B9AB04E} = {69A759E9-483B-4B19-813B-7F8D5B376F99}
		{97248E49-6262-4C37-B118-224FF3B98FD0} = {69A759E9-483B-4B19-813B-7F8D5B376F99}
		{EBC5CA98-87F1-4A01-A48D-69659C103E72} = {69A759E9-483B-4B19-813B-7F8D5B376F99}
		{742FF46F-3031-433B-858E-75AC90E968F1} = {BA8DDB98-6D34-465B-8171-6B7D5E8D3945}
		{CBB8BB5F-D071-4090-9AB8-7397FF4FB46E} = {BA8DDB98-6D34-465B-8171-6B7D5E8D3945}
		{72DE715C-26E4-4774-A4C2-327B4F213008} = {BA8DDB98-6D34-465B-8171-6B7D5E8D3945}
		{711E68BA-5ED1-46B3-B2B4-1621310D4245} = {C2A0037E-3BEE-4CDE-B3F7-1A733F61180F}
		{E87BB8D4-8AAB-47EA-9028-901B2E2C199A} = {C2A0037E-3BEE-4CDE-B3F7-1A733F61180F}
		{2D50AE6E-8F2C-4CAE-999A-CF19BCCF24DE} = {C2A0037E-3BEE-4CDE-B3F7-1A733F61180F}
		{90F2954A-8C3B-4905-84D7-EC29BC2CA297} = {1D40D4AF-76F2-4FAB-8E9B-87C7DFA2E3DC}
		{A7A9A1F4-9F82-49AE-B900-67A2956E23DC} = {1D40D4AF-76F2-4FAB-8E9B-87C7DFA2E3DC}
		{92679B2C-887E-4B11-A889-A96334C0D37C} = {1D40D4AF-76F2-4FAB-8E9B-87C7DFA2E3DC}
		{61DF9EEA-000D-4584-9C74-E7A93CC2D0DE} = {AEF4CC54-29B9-4E8C-BB6D-FA92B85C5D4A}
		{94EACFD6-3F1F-4CBA-B879-03DA42BEA41D} = {AEF4CC54-29B9-4E8C-BB6D-FA92B85C5D4A}
	EndGlobalSection
EndGlobal
