
Microsoft Visual Studio Solution File, Format Version 12.00
# Visual Studio Version 16
VisualStudioVersion = 16.0.29123.89
MinimumVisualStudioVersion = 10.0.40219.1
Project("{8BC9CEB8-8B4A-11D0-8D11-00A0C91BC942}") = "FFmpegInterop", "FFmpegInterop\FFmpegInterop.vcxproj", "{9CFA3B3E-B7AF-4629-84E2-C962C5B046B1}"
EndProject
Project("{8BC9CEB8-8B4A-11D0-8D11-00A0C91BC942}") = "MediaPlayerCPP", "Samples\MediaPlayerCPP\MediaPlayerCPP.vcxproj", "{9C0EB7EC-6FED-46E7-9CC9-F36132050AA1}"
EndProject
Project("{FAE04EC0-301F-11D3-BF4B-00C04F79EFBC}") = "MediaPlayerCS", "Samples\MediaPlayerCS\MediaPlayerCS.csproj", "{3CFE9DE0-525A-474E-A7F3-876CC2876CFB}"
EndProject
Project("{FAE04EC0-301F-11D3-BF4B-00C04F79EFBC}") = "UnitTest", "Tests\UnitTest.csproj", "{F1ECBD62-71FE-47FB-B588-1E331A375B59}"
EndProject
Global
	GlobalSection(SolutionConfigurationPlatforms) = preSolution
		Debug|ARM64 = Debug|ARM64
		Debug|x64 = Debug|x64
		Debug|x86 = Debug|x86
		Release|ARM64 = Release|ARM64
		Release|x64 = Release|x64
		Release|x86 = Release|x86
	EndGlobalSection
	GlobalSection(ProjectConfigurationPlatforms) = postSolution
		{9CFA3B3E-B7AF-4629-84E2-C962C5B046B1}.Debug|ARM64.ActiveCfg = Debug|ARM64
		{9CFA3B3E-B7AF-4629-84E2-C962C5B046B1}.Debug|ARM64.Build.0 = Debug|ARM64
		{9CFA3B3E-B7AF-4629-84E2-C962C5B046B1}.Debug|x64.ActiveCfg = Debug|x64
		{9CFA3B3E-B7AF-4629-84E2-C962C5B046B1}.Debug|x64.Build.0 = Debug|x64
		{9CFA3B3E-B7AF-4629-84E2-C962C5B046B1}.Debug|x86.ActiveCfg = Debug|Win32
		{9CFA3B3E-B7AF-4629-84E2-C962C5B046B1}.Debug|x86.Build.0 = Debug|Win32
		{9CFA3B3E-B7AF-4629-84E2-C962C5B046B1}.Debug|x86.Deploy.0 = Debug|Win32
		{9CFA3B3E-B7AF-4629-84E2-C962C5B046B1}.Release|ARM64.ActiveCfg = Release|ARM64
		{9CFA3B3E-B7AF-4629-84E2-C962C5B046B1}.Release|ARM64.Build.0 = Release|ARM64
		{9CFA3B3E-B7AF-4629-84E2-C962C5B046B1}.Release|x64.ActiveCfg = Release|x64
		{9CFA3B3E-B7AF-4629-84E2-C962C5B046B1}.Release|x64.Build.0 = Release|x64
		{9CFA3B3E-B7AF-4629-84E2-C962C5B046B1}.Release|x86.ActiveCfg = Release|Win32
		{9CFA3B3E-B7AF-4629-84E2-C962C5B046B1}.Release|x86.Build.0 = Release|Win32
		{9C0EB7EC-6FED-46E7-9CC9-F36132050AA1}.Debug|ARM64.ActiveCfg = Debug|ARM64
		{9C0EB7EC-6FED-46E7-9CC9-F36132050AA1}.Debug|ARM64.Build.0 = Debug|ARM64
		{9C0EB7EC-6FED-46E7-9CC9-F36132050AA1}.Debug|ARM64.Deploy.0 = Debug|ARM64
		{9C0EB7EC-6FED-46E7-9CC9-F36132050AA1}.Debug|x64.ActiveCfg = Debug|x64
		{9C0EB7EC-6FED-46E7-9CC9-F36132050AA1}.Debug|x64.Build.0 = Debug|x64
		{9C0EB7EC-6FED-46E7-9CC9-F36132050AA1}.Debug|x64.Deploy.0 = Debug|x64
		{9C0EB7EC-6FED-46E7-9CC9-F36132050AA1}.Debug|x86.ActiveCfg = Debug|Win32
		{9C0EB7EC-6FED-46E7-9CC9-F36132050AA1}.Debug|x86.Build.0 = Debug|Win32
		{9C0EB7EC-6FED-46E7-9CC9-F36132050AA1}.Debug|x86.Deploy.0 = Debug|Win32
		{9C0EB7EC-6FED-46E7-9CC9-F36132050AA1}.Release|ARM64.ActiveCfg = Release|ARM64
		{9C0EB7EC-6FED-46E7-9CC9-F36132050AA1}.Release|ARM64.Build.0 = Release|ARM64
		{9C0EB7EC-6FED-46E7-9CC9-F36132050AA1}.Release|ARM64.Deploy.0 = Release|ARM64
		{9C0EB7EC-6FED-46E7-9CC9-F36132050AA1}.Release|x64.ActiveCfg = Release|x64
		{9C0EB7EC-6FED-46E7-9CC9-F36132050AA1}.Release|x64.Build.0 = Release|x64
		{9C0EB7EC-6FED-46E7-9CC9-F36132050AA1}.Release|x64.Deploy.0 = Release|x64
		{9C0EB7EC-6FED-46E7-9CC9-F36132050AA1}.Release|x86.ActiveCfg = Release|Win32
		{9C0EB7EC-6FED-46E7-9CC9-F36132050AA1}.Release|x86.Build.0 = Release|Win32
		{9C0EB7EC-6FED-46E7-9CC9-F36132050AA1}.Release|x86.Deploy.0 = Release|Win32
		{3CFE9DE0-525A-474E-A7F3-876CC2876CFB}.Debug|ARM64.ActiveCfg = Debug|ARM64
		{3CFE9DE0-525A-474E-A7F3-876CC2876CFB}.Debug|ARM64.Build.0 = Debug|ARM64
		{3CFE9DE0-525A-474E-A7F3-876CC2876CFB}.Debug|ARM64.Deploy.0 = Debug|ARM64
		{3CFE9DE0-525A-474E-A7F3-876CC2876CFB}.Debug|x64.ActiveCfg = Debug|x64
		{3CFE9DE0-525A-474E-A7F3-876CC2876CFB}.Debug|x64.Build.0 = Debug|x64
		{3CFE9DE0-525A-474E-A7F3-876CC2876CFB}.Debug|x64.Deploy.0 = Debug|x64
		{3CFE9DE0-525A-474E-A7F3-876CC2876CFB}.Debug|x86.ActiveCfg = Debug|x86
		{3CFE9DE0-525A-474E-A7F3-876CC2876CFB}.Debug|x86.Build.0 = Debug|x86
		{3CFE9DE0-525A-474E-A7F3-876CC2876CFB}.Debug|x86.Deploy.0 = Debug|x86
		{3CFE9DE0-525A-474E-A7F3-876CC2876CFB}.Release|ARM64.ActiveCfg = Release|ARM64
		{3CFE9DE0-525A-474E-A7F3-876CC2876CFB}.Release|ARM64.Build.0 = Release|ARM64
		{3CFE9DE0-525A-474E-A7F3-876CC2876CFB}.Release|ARM64.Deploy.0 = Release|ARM64
		{3CFE9DE0-525A-474E-A7F3-876CC2876CFB}.Release|x64.ActiveCfg = Release|x64
		{3CFE9DE0-525A-474E-A7F3-876CC2876CFB}.Release|x64.Build.0 = Release|x64
		{3CFE9DE0-525A-474E-A7F3-876CC2876CFB}.Release|x64.Deploy.0 = Release|x64
		{3CFE9DE0-525A-474E-A7F3-876CC2876CFB}.Release|x86.ActiveCfg = Release|x86
		{3CFE9DE0-525A-474E-A7F3-876CC2876CFB}.Release|x86.Build.0 = Release|x86
		{3CFE9DE0-525A-474E-A7F3-876CC2876CFB}.Release|x86.Deploy.0 = Release|x86
		{F1ECBD62-71FE-47FB-B588-1E331A375B59}.Debug|ARM64.ActiveCfg = Debug|ARM64
		{F1ECBD62-71FE-47FB-B588-1E331A375B59}.Debug|ARM64.Build.0 = Debug|ARM64
		{F1ECBD62-71FE-47FB-B588-1E331A375B59}.Debug|ARM64.Deploy.0 = Debug|ARM64
		{F1ECBD62-71FE-47FB-B588-1E331A375B59}.Debug|x64.ActiveCfg = Debug|x64
		{F1ECBD62-71FE-47FB-B588-1E331A375B59}.Debug|x64.Build.0 = Debug|x64
		{F1ECBD62-71FE-47FB-B588-1E331A375B59}.Debug|x64.Deploy.0 = Debug|x64
		{F1ECBD62-71FE-47FB-B588-1E331A375B59}.Debug|x86.ActiveCfg = Debug|x86
		{F1ECBD62-71FE-47FB-B588-1E331A375B59}.Debug|x86.Build.0 = Debug|x86
		{F1ECBD62-71FE-47FB-B588-1E331A375B59}.Debug|x86.Deploy.0 = Debug|x86
		{F1ECBD62-71FE-47FB-B588-1E331A375B59}.Release|ARM64.ActiveCfg = Release|ARM64
		{F1ECBD62-71FE-47FB-B588-1E331A375B59}.Release|ARM64.Build.0 = Release|ARM64
		{F1ECBD62-71FE-47FB-B588-1E331A375B59}.Release|ARM64.Deploy.0 = Release|ARM64
		{F1ECBD62-71FE-47FB-B588-1E331A375B59}.Release|x64.ActiveCfg = Release|x64
		{F1ECBD62-71FE-47FB-B588-1E331A375B59}.Release|x64.Build.0 = Release|x64
		{F1ECBD62-71FE-47FB-B588-1E331A375B59}.Release|x64.Deploy.0 = Release|x64
		{F1ECBD62-71FE-47FB-B588-1E331A375B59}.Release|x86.ActiveCfg = Release|x86
		{F1ECBD62-71FE-47FB-B588-1E331A375B59}.Release|x86.Build.0 = Release|x86
		{F1ECBD62-71FE-47FB-B588-1E331A375B59}.Release|x86.Deploy.0 = Release|x86
	EndGlobalSection
	GlobalSection(SolutionProperties) = preSolution
		HideSolutionNode = FALSE
	EndGlobalSection
	GlobalSection(ExtensibilityGlobals) = postSolution
		SolutionGuid = {023BD813-70B6-4C93-8857-157A037258DA}
	EndGlobalSection
EndGlobal
