<?xml version="1.0" encoding="utf-8"?>
<Project ToolsVersion="14.0" xmlns="http://schemas.microsoft.com/developer/msbuild/2003">
  <ItemGroup>
    <Filter Include="Common">
      <UniqueIdentifier>9c0eb7ec-6fed-46e7-9cc9-f36132050aa1</UniqueIdentifier>
    </Filter>
    <Filter Include="Assets">
      <UniqueIdentifier>0bb4a647-f146-47f5-aa40-3e282b14193d</UniqueIdentifier>
      <Extensions>bmp;fbx;gif;jpg;jpeg;tga;tiff;tif;png</Extensions>
    </Filter>
  </ItemGroup>
  <ItemGroup>
    <ApplicationDefinition Include="App.xaml" />
  </ItemGroup>
  <ItemGroup>
    <ClCompile Include="App.xaml.cpp" />
    <ClCompile Include="MainPage.xaml.cpp" />
    <ClCompile Include="pch.cpp" />
  </ItemGroup>
  <ItemGroup>
    <ClInclude Include="pch.h" />
    <ClInclude Include="App.xaml.h" />
    <ClInclude Include="MainPage.xaml.h" />
  </ItemGroup>
  <ItemGroup>
    <Image Include="Assets\LockScreenLogo.scale-200.png">
      <Filter>Assets</Filter>
    </Image>
    <Image Include="Assets\SplashScreen.scale-200.png">
      <Filter>Assets</Filter>
    </Image>
    <Image Include="Assets\Square150x150Logo.scale-200.png">
      <Filter>Assets</Filter>
    </Image>
    <Image Include="Assets\Square44x44Logo.scale-200.png">
      <Filter>Assets</Filter>
    </Image>
    <Image Include="Assets\Square44x44Logo.targetsize-24_altform-unplated.png">
      <Filter>Assets</Filter>
    </Image>
    <Image Include="Assets\StoreLogo.png">
      <Filter>Assets</Filter>
    </Image>
    <Image Include="Assets\Wide310x150Logo.scale-200.png">
      <Filter>Assets</Filter>
    </Image>
  </ItemGroup>
  <ItemGroup>
    <AppxManifest Include="Package.appxmanifest" />
  </ItemGroup>
  <ItemGroup>
    <None Include="$(BaseOutputPath)$(Platform)\Release\ffmpeg\Windows10\bin\avcodec-57.dll" />
    <None Include="$(BaseOutputPath)$(Platform)\Release\ffmpeg\Windows10\bin\avdevice-57.dll" />
    <None Include="$(BaseOutputPath)$(Platform)\Release\ffmpeg\Windows10\bin\avfilter-6.dll" />
    <None Include="$(BaseOutputPath)$(Platform)\Release\ffmpeg\Windows10\bin\avformat-57.dll" />
    <None Include="$(BaseOutputPath)$(Platform)\Release\ffmpeg\Windows10\bin\avutil-55.dll" />
    <None Include="$(BaseOutputPath)$(Platform)\Release\ffmpeg\Windows10\bin\swresample-2.dll" />
    <None Include="$(BaseOutputPath)$(Platform)\Release\ffmpeg\Windows10\bin\swscale-4.dll" />
    <None Include="MediaPlayerCPP_TemporaryKey.pfx" />
  </ItemGroup>
  <ItemGroup>
    <Page Include="MainPage.xaml" />
  </ItemGroup>
</Project>