<?xml version="1.0" encoding="utf-8"?>
<Project ToolsVersion="14.0" xmlns="http://schemas.microsoft.com/developer/msbuild/2003">
  <ItemGroup>
    <Filter Include="Resources">
      <UniqueIdentifier>65247ed4-8bf5-4cae-b754-fa343845bdc7</UniqueIdentifier>
      <Extensions>rc;ico;cur;bmp;dlg;rc2;rct;bin;rgs;gif;jpg;jpeg;jpe;resx;tga;tiff;tif;png;wav;mfcribbon-ms</Extensions>
    </Filter>
  </ItemGroup>
  <ItemGroup>
    <ClCompile Include="pch.cpp" />
    <ClCompile Include="..\..\Source\FFmpegInteropMSS.cpp" />
    <ClCompile Include="..\..\Source\FFmpegReader.cpp" />
    <ClCompile Include="..\..\Source\H264AVCSampleProvider.cpp" />
    <ClCompile Include="..\..\Source\MediaSampleProvider.cpp" />
    <ClCompile Include="..\..\Source\UncompressedAudioSampleProvider.cpp" />
    <ClCompile Include="..\..\Source\UncompressedSampleProvider.cpp" />
    <ClCompile Include="..\..\Source\UncompressedVideoSampleProvider.cpp" />
    <ClCompile Include="..\..\Source\FFmpegInteropLogging.cpp" />
    <ClCompile Include="..\..\Source\HEVCSampleProvider.cpp" />
    <ClCompile Include="..\..\Source\NALPacketSampleProvider.cpp" />
  </ItemGroup>
  <ItemGroup>
    <ClInclude Include="pch.h" />
    <ClInclude Include="..\..\Source\FFmpegInteropMSS.h" />
    <ClInclude Include="..\..\Source\FFmpegReader.h" />
    <ClInclude Include="..\..\Source\H264AVCSampleProvider.h" />
    <ClInclude Include="..\..\Source\MediaSampleProvider.h" />
    <ClInclude Include="..\..\Source\UncompressedAudioSampleProvider.h" />
    <ClInclude Include="..\..\Source\UncompressedSampleProvider.h" />
    <ClInclude Include="..\..\Source\UncompressedVideoSampleProvider.h" />
    <ClInclude Include="..\..\Source\ILogProvider.h" />
    <ClInclude Include="..\..\Source\FFmpegInteropLogging.h" />
    <ClInclude Include="..\..\Source\MediaThumbnailData.h" />
    <ClInclude Include="..\..\Source\HEVCSampleProvider.h" />
    <ClInclude Include="..\..\Source\CritSec.h" />
    <ClInclude Include="..\..\Source\NALPacketSampleProvider.h" />
  </ItemGroup>
</Project>