<?xml version="1.0" encoding="utf-8"?>
<Project ToolsVersion="14.0" xmlns="http://schemas.microsoft.com/developer/msbuild/2003">
  <ItemGroup>
    <Filter Include="Resources">
      <UniqueIdentifier>65247ed4-8bf5-4cae-b754-fa343845bdc7</UniqueIdentifier>
      <Extensions>rc;ico;cur;bmp;dlg;rc2;rct;bin;rgs;gif;jpg;jpeg;jpe;resx;tga;tiff;tif;png;wav;mfcribbon-ms</Extensions>
    </Filter>
  </ItemGroup>
  <ItemGroup>
    <ClCompile Include="pch.cpp" />
    <ClCompile Include="FFmpegInteropMSS.cpp" />
    <ClCompile Include="UncompressedAudioSampleProvider.cpp" />
    <ClCompile Include="UncompressedSampleProvider.cpp" />
    <ClCompile Include="UncompressedVideoSampleProvider.cpp" />
    <ClCompile Include="FFmpegInteropLogging.cpp" />
    <ClCompile Include="Tracing.cpp" />
    <ClCompile Include="dllmain.cpp" />
    <ClCompile Include="SubtitleSampleProvider.cpp" />
    <ClCompile Include="$(GeneratedFilesDir)module.g.cpp" />
    <ClCompile Include="SampleProvider.cpp" />
    <ClCompile Include="StreamFactory.cpp" />
    <ClCompile Include="FFmpegInteropBuffer.cpp" />
    <ClCompile Include="AV1SampleProvider.cpp" />
    <ClCompile Include="H264SampleProvider.cpp" />
    <ClCompile Include="FFmpegInteropMSSConfig.cpp" />
    <ClCompile Include="Reader.cpp" />
    <ClCompile Include="Metadata.cpp" />
  </ItemGroup>
  <ItemGroup>
    <ClInclude Include="pch.h" />
    <ClInclude Include="FFmpegInteropMSS.h" />
    <ClInclude Include="UncompressedAudioSampleProvider.h" />
    <ClInclude Include="UncompressedSampleProvider.h" />
    <ClInclude Include="UncompressedVideoSampleProvider.h" />
    <ClInclude Include="FFmpegInteropLogging.h" />
    <ClInclude Include="Tracing.h" />
    <ClInclude Include="Utility.h" />
    <ClInclude Include="SubtitleSampleProvider.h" />
    <ClInclude Include="SampleProvider.h" />
    <ClInclude Include="StreamFactory.h" />
    <ClInclude Include="FFmpegInteropBuffer.h" />
    <ClInclude Include="AV1SampleProvider.h" />
    <ClInclude Include="H264SampleProvider.h" />
    <ClInclude Include="FFmpegInteropMSSConfig.h" />
    <ClInclude Include="Reader.h" />
    <ClInclude Include="Metadata.h" />
  </ItemGroup>
  <ItemGroup>
    <None Include="FFmpegInterop.def" />
    <None Include="packages.config" />
  </ItemGroup>
  <ItemGroup>
    <Midl Include="FFmpegInteropMSS.idl" />
    <Midl Include="FFmpegInteropLogging.idl" />
  </ItemGroup>
</Project>