<?xml version="1.0" encoding="utf-8"?>
<Project ToolsVersion="14.0" xmlns="http://schemas.microsoft.com/developer/msbuild/2003">
  <ItemGroup>
    <Filter Include="Resources">
      <UniqueIdentifier>65247ed4-8bf5-4cae-b754-fa343845bdc7</UniqueIdentifier>
      <Extensions>rc;ico;cur;bmp;dlg;rc2;rct;bin;rgs;gif;jpg;jpeg;jpe;resx;tga;tiff;tif;png;wav;mfcribbon-ms</Extensions>
    </Filter>
  </ItemGroup>
  <ItemGroup>
    <ClCompile Include="pch.cpp" />
    <ClCompile Include="FFmpegInteropMSS.cpp" />
    <ClCompile Include="FFmpegReader.cpp" />
    <ClCompile Include="H264AVCSampleProvider.cpp" />
    <ClCompile Include="H264SampleProvider.cpp" />
    <ClCompile Include="MediaSampleProvider.cpp" />
    <ClCompile Include="UncompressedAudioSampleProvider.cpp" />
    <ClCompile Include="UncompressedSampleProvider.cpp" />
    <ClCompile Include="UncompressedVideoSampleProvider.cpp" />
    <ClCompile Include="FFmpegInteropLogging.cpp" />
  </ItemGroup>
  <ItemGroup>
    <ClInclude Include="pch.h" />
    <ClInclude Include="FFmpegInteropMSS.h" />
    <ClInclude Include="FFmpegReader.h" />
    <ClInclude Include="H264AVCSampleProvider.h" />
    <ClInclude Include="H264SampleProvider.h" />
    <ClInclude Include="MediaSampleProvider.h" />
    <ClInclude Include="UncompressedAudioSampleProvider.h" />
    <ClInclude Include="UncompressedSampleProvider.h" />
    <ClInclude Include="UncompressedVideoSampleProvider.h" />
    <ClInclude Include="FFmpegInteropLogging.h" />
    <ClInclude Include="MediaThumbnailData.h" />
    <ClInclude Include="CritSec.h" />
  </ItemGroup>
  <ItemGroup>
    <None Include="packages.config" />
  </ItemGroup>
  <ItemGroup>
    <Midl Include="FFmpegInteropLogging.idl" />
    <Midl Include="MediaThumbnailData.idl" />
  </ItemGroup>
</Project>