<?xml version="1.0" encoding="utf-8"?>
<Project ToolsVersion="14.0" xmlns="http://schemas.microsoft.com/developer/msbuild/2003">
  <ItemGroup>
    <Filter Include="Assets">
      <UniqueIdentifier>0bb4a647-f146-47f5-aa40-3e282b14193d</UniqueIdentifier>
      <Extensions>bmp;fbx;gif;jpg;jpeg;tga;tiff;tif;png</Extensions>
    </Filter>
  </ItemGroup>
  <ItemGroup>
    <ApplicationDefinition Include="App.xaml" />
  </ItemGroup>
  <ItemGroup>
    <Page Include="MainPage.xaml" />
  </ItemGroup>
  <ItemGroup>
    <Midl Include="App.idl" />
    <Midl Include="MainPage.idl" />
  </ItemGroup>
  <ItemGroup>
    <ClCompile Include="pch.cpp" />
    <ClCompile Include="App.cpp" />
    <ClCompile Include="MainPage.cpp" />
    <ClCompile Include="$(GeneratedFilesDir)module.g.cpp" />
  </ItemGroup>
  <ItemGroup>
    <ClInclude Include="pch.h" />
  </ItemGroup>
  <ItemGroup>
    <Image Include="Assets\LockScreenLogo.scale-200.png">
      <Filter>Assets</Filter>
    </Image>
    <Image Include="Assets\SplashScreen.scale-200.png">
      <Filter>Assets</Filter>
    </Image>
    <Image Include="Assets\Square150x150Logo.scale-200.png">
      <Filter>Assets</Filter>
    </Image>
    <Image Include="Assets\Square44x44Logo.scale-200.png">
      <Filter>Assets</Filter>
    </Image>
    <Image Include="Assets\Square44x44Logo.targetsize-24_altform-unplated.png">
      <Filter>Assets</Filter>
    </Image>
    <Image Include="Assets\StoreLogo.png">
      <Filter>Assets</Filter>
    </Image>
    <Image Include="Assets\Wide310x150Logo.scale-200.png">
      <Filter>Assets</Filter>
    </Image>
  </ItemGroup>
  <ItemGroup>
    <AppxManifest Include="Package.appxmanifest" />
  </ItemGroup>
  <ItemGroup>
    <None Include="..\..\FFmpegInterop.pfx" />
    <None Include="..\..\ffmpeg\Build\$(PlatformTarget)\bin\avcodec-58_ms.dll" />
    <None Include="..\..\ffmpeg\Build\$(PlatformTarget)\bin\avdevice-58_ms.dll" />
    <None Include="..\..\ffmpeg\Build\$(PlatformTarget)\bin\avfilter-7_ms.dll" />
    <None Include="..\..\ffmpeg\Build\$(PlatformTarget)\bin\avformat-58_ms.dll" />
    <None Include="..\..\ffmpeg\Build\$(PlatformTarget)\bin\avutil-56_ms.dll" />
    <None Include="..\..\ffmpeg\Build\$(PlatformTarget)\bin\swresample-3_ms.dll" />
    <None Include="..\..\ffmpeg\Build\$(PlatformTarget)\bin\swscale-5_ms.dll" />
    <None Include="packages.config" />
  </ItemGroup>
</Project>